
Microsoft Visual Studio Solution File, Format Version 12.00
# Visual Studio Version 17
VisualStudioVersion = 17.8.34511.84
MinimumVisualStudioVersion = 10.0.40219.1
Project("{2150E333-8FDC-42A3-9474-1A3956D46DE8}") = "src", "src", "{18F8365C-B4CE-4C5C-A7A7-9E513C70B153}"
EndProject
Project("{2150E333-8FDC-42A3-9474-1A3956D46DE8}") = "Services", "Services", "{FADA6779-C24D-42F2-8E27-7DEAD59DF516}"
EndProject
Project("{2150E333-8FDC-42A3-9474-1A3956D46DE8}") = "CatalogService", "CatalogService", "{206D981F-33AE-4B78-ADAB-F9722F734B4B}"
EndProject
Project("{9A19103F-16F7-4668-BE54-9A1E7A4F7556}") = "Multishop.CatalogApi", "src\Services\CatalogService\Multishop.CatalogApi\Multishop.CatalogApi.csproj", "{E4109D78-6FA9-438E-BF9E-23923B0B3208}"
EndProject
Project("{2150E333-8FDC-42A3-9474-1A3956D46DE8}") = "DiscountService", "DiscountService", "{4D9EF618-58F3-4745-8114-763F708413C4}"
EndProject
Project("{9A19103F-16F7-4668-BE54-9A1E7A4F7556}") = "Multishop.DiscountApi", "src\Services\Multishop.DiscountApi\Multishop.DiscountApi.csproj", "{8E11BE19-2545-4D6A-A977-32347D2D9D55}"
EndProject
Project("{2150E333-8FDC-42A3-9474-1A3956D46DE8}") = "OrderService", "OrderService", "{56415CDA-8C19-4349-BE4E-CAB90EA16423}"
EndProject
Project("{2150E333-8FDC-42A3-9474-1A3956D46DE8}") = "Core", "Core", "{E37EC156-F5A9-4D40-84A9-6DC4656EC475}"
EndProject
Project("{2150E333-8FDC-42A3-9474-1A3956D46DE8}") = "Infrastructure", "Infrastructure", "{F5D04603-116A-4DF0-96C3-0D80EBA52161}"
EndProject
Project("{2150E333-8FDC-42A3-9474-1A3956D46DE8}") = "Presentation", "Presentation", "{508E81BA-5E06-403C-A5A9-30A2FD30ED93}"
EndProject
Project("{9A19103F-16F7-4668-BE54-9A1E7A4F7556}") = "Multishop.Order.Domain", "src\Services\OrderService\Core\Multishop.Order.Domain\Multishop.Order.Domain.csproj", "{8B5F75F5-D9DC-465B-9EEB-52266F000F2F}"
EndProject
Project("{9A19103F-16F7-4668-BE54-9A1E7A4F7556}") = "Multishop.Order.Application", "src\Services\OrderService\Core\Multishop.Order.Application\Multishop.Order.Application.csproj", "{08E6C694-648D-4D96-BBD1-AB661077B912}"
EndProject
Project("{9A19103F-16F7-4668-BE54-9A1E7A4F7556}") = "Multishop.Order.Persistence", "src\Services\OrderService\Infrastructure\Multishop.Order.Persistence\Multishop.Order.Persistence.csproj", "{D4D5BB11-4E5B-4FB4-9CF2-4AF6CDCA86FD}"
EndProject
Project("{9A19103F-16F7-4668-BE54-9A1E7A4F7556}") = "Multishop.Order.WebApi", "src\Services\OrderService\Presentation\Multishop.Order.WebApi\Multishop.Order.WebApi.csproj", "{35F33B8A-8FD5-430E-B55A-7B6260B271C0}"
EndProject
Project("{2150E333-8FDC-42A3-9474-1A3956D46DE8}") = "IdentityService", "IdentityService", "{9029E6D4-912D-4236-AB90-FBAED7CC7F18}"
EndProject
Project("{9A19103F-16F7-4668-BE54-9A1E7A4F7556}") = "Multishop.IdentityServer", "IdentityServer\Multishop.IdentityServer\Multishop.IdentityServer.csproj", "{2570CFFF-1E06-47E7-8E57-A6799B7193A0}"
EndProject
Project("{2150E333-8FDC-42A3-9474-1A3956D46DE8}") = "Requirements", "Requirements", "{E018F752-2BAC-4364-9CCE-E714A9183512}"
	ProjectSection(SolutionItems) = preProject
		PortainerCMD.txt = PortainerCMD.txt
		PortNumbers.txt = PortNumbers.txt
	EndProjectSection
EndProject
Project("{2150E333-8FDC-42A3-9474-1A3956D46DE8}") = "CargoService", "CargoService", "{F88D2926-840D-4DC5-AD46-4D3B8D3F8233}"
EndProject
Project("{9A19103F-16F7-4668-BE54-9A1E7A4F7556}") = "Multishop.CargoService.Business", "src\Services\CargoService\Multishop.CargoService.Business\Multishop.CargoService.Business.csproj", "{64EE92ED-8255-4F3C-9DBA-DDEE3FEDDE4B}"
EndProject
Project("{9A19103F-16F7-4668-BE54-9A1E7A4F7556}") = "Multishop.CargoService.Entity", "src\Services\CargoService\Multishop.CargoService.Entity\Multishop.CargoService.Entity.csproj", "{CEC3806D-D98C-44D1-A8ED-502862C6E0FA}"
EndProject
Project("{9A19103F-16F7-4668-BE54-9A1E7A4F7556}") = "Multishop.CargoService.DataAccess", "src\Services\CargoService\Multishop.CargoService.DataAccess\Multishop.CargoService.DataAccess.csproj", "{35C49172-924F-4F55-B54C-F7CC2A4361BB}"
EndProject
Project("{9A19103F-16F7-4668-BE54-9A1E7A4F7556}") = "Multishop.CargoService.Dto", "src\Services\CargoService\Multishop.CargoService.Dto\Multishop.CargoService.Dto.csproj", "{B0B6FD7A-1ADC-4F95-B200-5D6FB67E258E}"
EndProject
Project("{9A19103F-16F7-4668-BE54-9A1E7A4F7556}") = "Multishop.CargoService.WepApi", "src\Services\CargoService\Multishop.CargoService.WepApi\Multishop.CargoService.WepApi.csproj", "{45829D8A-0DCA-473E-AEAD-910C6DEC0793}"
EndProject
Project("{2150E333-8FDC-42A3-9474-1A3956D46DE8}") = "BasketService", "BasketService", "{BE49192E-9D87-482B-A0E7-CB22988CFDF0}"
EndProject
Project("{FAE04EC0-301F-11D3-BF4B-00C04F79EFBC}") = "MultiShop.BasketService", "src\Services\BasketService\MultiShop.BasketService\MultiShop.BasketService.csproj", "{50FC1B22-6F5E-4DEF-9917-5F2F2F45E8CD}"
EndProject
Global
	GlobalSection(SolutionConfigurationPlatforms) = preSolution
		Debug|Any CPU = Debug|Any CPU
		Release|Any CPU = Release|Any CPU
	EndGlobalSection
	GlobalSection(ProjectConfigurationPlatforms) = postSolution
		{E4109D78-6FA9-438E-BF9E-23923B0B3208}.Debug|Any CPU.ActiveCfg = Debug|Any CPU
		{E4109D78-6FA9-438E-BF9E-23923B0B3208}.Debug|Any CPU.Build.0 = Debug|Any CPU
		{E4109D78-6FA9-438E-BF9E-23923B0B3208}.Release|Any CPU.ActiveCfg = Release|Any CPU
		{E4109D78-6FA9-438E-BF9E-23923B0B3208}.Release|Any CPU.Build.0 = Release|Any CPU
		{8E11BE19-2545-4D6A-A977-32347D2D9D55}.Debug|Any CPU.ActiveCfg = Debug|Any CPU
		{8E11BE19-2545-4D6A-A977-32347D2D9D55}.Debug|Any CPU.Build.0 = Debug|Any CPU
		{8E11BE19-2545-4D6A-A977-32347D2D9D55}.Release|Any CPU.ActiveCfg = Release|Any CPU
		{8E11BE19-2545-4D6A-A977-32347D2D9D55}.Release|Any CPU.Build.0 = Release|Any CPU
		{8B5F75F5-D9DC-465B-9EEB-52266F000F2F}.Debug|Any CPU.ActiveCfg = Debug|Any CPU
		{8B5F75F5-D9DC-465B-9EEB-52266F000F2F}.Debug|Any CPU.Build.0 = Debug|Any CPU
		{8B5F75F5-D9DC-465B-9EEB-52266F000F2F}.Release|Any CPU.ActiveCfg = Release|Any CPU
		{8B5F75F5-D9DC-465B-9EEB-52266F000F2F}.Release|Any CPU.Build.0 = Release|Any CPU
		{08E6C694-648D-4D96-BBD1-AB661077B912}.Debug|Any CPU.ActiveCfg = Debug|Any CPU
		{08E6C694-648D-4D96-BBD1-AB661077B912}.Debug|Any CPU.Build.0 = Debug|Any CPU
		{08E6C694-648D-4D96-BBD1-AB661077B912}.Release|Any CPU.ActiveCfg = Release|Any CPU
		{08E6C694-648D-4D96-BBD1-AB661077B912}.Release|Any CPU.Build.0 = Release|Any CPU
		{D4D5BB11-4E5B-4FB4-9CF2-4AF6CDCA86FD}.Debug|Any CPU.ActiveCfg = Debug|Any CPU
		{D4D5BB11-4E5B-4FB4-9CF2-4AF6CDCA86FD}.Debug|Any CPU.Build.0 = Debug|Any CPU
		{D4D5BB11-4E5B-4FB4-9CF2-4AF6CDCA86FD}.Release|Any CPU.ActiveCfg = Release|Any CPU
		{D4D5BB11-4E5B-4FB4-9CF2-4AF6CDCA86FD}.Release|Any CPU.Build.0 = Release|Any CPU
		{35F33B8A-8FD5-430E-B55A-7B6260B271C0}.Debug|Any CPU.ActiveCfg = Debug|Any CPU
		{35F33B8A-8FD5-430E-B55A-7B6260B271C0}.Debug|Any CPU.Build.0 = Debug|Any CPU
		{35F33B8A-8FD5-430E-B55A-7B6260B271C0}.Release|Any CPU.ActiveCfg = Release|Any CPU
		{35F33B8A-8FD5-430E-B55A-7B6260B271C0}.Release|Any CPU.Build.0 = Release|Any CPU
		{2570CFFF-1E06-47E7-8E57-A6799B7193A0}.Debug|Any CPU.ActiveCfg = Debug|Any CPU
		{2570CFFF-1E06-47E7-8E57-A6799B7193A0}.Debug|Any CPU.Build.0 = Debug|Any CPU
		{2570CFFF-1E06-47E7-8E57-A6799B7193A0}.Release|Any CPU.ActiveCfg = Release|Any CPU
		{2570CFFF-1E06-47E7-8E57-A6799B7193A0}.Release|Any CPU.Build.0 = Release|Any CPU
		{64EE92ED-8255-4F3C-9DBA-DDEE3FEDDE4B}.Debug|Any CPU.ActiveCfg = Debug|Any CPU
		{64EE92ED-8255-4F3C-9DBA-DDEE3FEDDE4B}.Debug|Any CPU.Build.0 = Debug|Any CPU
		{64EE92ED-8255-4F3C-9DBA-DDEE3FEDDE4B}.Release|Any CPU.ActiveCfg = Release|Any CPU
		{64EE92ED-8255-4F3C-9DBA-DDEE3FEDDE4B}.Release|Any CPU.Build.0 = Release|Any CPU
		{CEC3806D-D98C-44D1-A8ED-502862C6E0FA}.Debug|Any CPU.ActiveCfg = Debug|Any CPU
		{CEC3806D-D98C-44D1-A8ED-502862C6E0FA}.Debug|Any CPU.Build.0 = Debug|Any CPU
		{CEC3806D-D98C-44D1-A8ED-502862C6E0FA}.Release|Any CPU.ActiveCfg = Release|Any CPU
		{CEC3806D-D98C-44D1-A8ED-502862C6E0FA}.Release|Any CPU.Build.0 = Release|Any CPU
		{35C49172-924F-4F55-B54C-F7CC2A4361BB}.Debug|Any CPU.ActiveCfg = Debug|Any CPU
		{35C49172-924F-4F55-B54C-F7CC2A4361BB}.Debug|Any CPU.Build.0 = Debug|Any CPU
		{35C49172-924F-4F55-B54C-F7CC2A4361BB}.Release|Any CPU.ActiveCfg = Release|Any CPU
		{35C49172-924F-4F55-B54C-F7CC2A4361BB}.Release|Any CPU.Build.0 = Release|Any CPU
		{B0B6FD7A-1ADC-4F95-B200-5D6FB67E258E}.Debug|Any CPU.ActiveCfg = Debug|Any CPU
		{B0B6FD7A-1ADC-4F95-B200-5D6FB67E258E}.Debug|Any CPU.Build.0 = Debug|Any CPU
		{B0B6FD7A-1ADC-4F95-B200-5D6FB67E258E}.Release|Any CPU.ActiveCfg = Release|Any CPU
		{B0B6FD7A-1ADC-4F95-B200-5D6FB67E258E}.Release|Any CPU.Build.0 = Release|Any CPU
		{45829D8A-0DCA-473E-AEAD-910C6DEC0793}.Debug|Any CPU.ActiveCfg = Debug|Any CPU
		{45829D8A-0DCA-473E-AEAD-910C6DEC0793}.Debug|Any CPU.Build.0 = Debug|Any CPU
		{45829D8A-0DCA-473E-AEAD-910C6DEC0793}.Release|Any CPU.ActiveCfg = Release|Any CPU
		{45829D8A-0DCA-473E-AEAD-910C6DEC0793}.Release|Any CPU.Build.0 = Release|Any CPU
		{50FC1B22-6F5E-4DEF-9917-5F2F2F45E8CD}.Debug|Any CPU.ActiveCfg = Debug|Any CPU
		{50FC1B22-6F5E-4DEF-9917-5F2F2F45E8CD}.Debug|Any CPU.Build.0 = Debug|Any CPU
		{50FC1B22-6F5E-4DEF-9917-5F2F2F45E8CD}.Release|Any CPU.ActiveCfg = Release|Any CPU
		{50FC1B22-6F5E-4DEF-9917-5F2F2F45E8CD}.Release|Any CPU.Build.0 = Release|Any CPU
	EndGlobalSection
	GlobalSection(SolutionProperties) = preSolution
		HideSolutionNode = FALSE
	EndGlobalSection
	GlobalSection(NestedProjects) = preSolution
		{FADA6779-C24D-42F2-8E27-7DEAD59DF516} = {18F8365C-B4CE-4C5C-A7A7-9E513C70B153}
		{206D981F-33AE-4B78-ADAB-F9722F734B4B} = {FADA6779-C24D-42F2-8E27-7DEAD59DF516}
		{E4109D78-6FA9-438E-BF9E-23923B0B3208} = {206D981F-33AE-4B78-ADAB-F9722F734B4B}
		{4D9EF618-58F3-4745-8114-763F708413C4} = {FADA6779-C24D-42F2-8E27-7DEAD59DF516}
		{8E11BE19-2545-4D6A-A977-32347D2D9D55} = {4D9EF618-58F3-4745-8114-763F708413C4}
		{56415CDA-8C19-4349-BE4E-CAB90EA16423} = {FADA6779-C24D-42F2-8E27-7DEAD59DF516}
		{E37EC156-F5A9-4D40-84A9-6DC4656EC475} = {56415CDA-8C19-4349-BE4E-CAB90EA16423}
		{F5D04603-116A-4DF0-96C3-0D80EBA52161} = {56415CDA-8C19-4349-BE4E-CAB90EA16423}
		{508E81BA-5E06-403C-A5A9-30A2FD30ED93} = {56415CDA-8C19-4349-BE4E-CAB90EA16423}
		{8B5F75F5-D9DC-465B-9EEB-52266F000F2F} = {E37EC156-F5A9-4D40-84A9-6DC4656EC475}
		{08E6C694-648D-4D96-BBD1-AB661077B912} = {E37EC156-F5A9-4D40-84A9-6DC4656EC475}
		{D4D5BB11-4E5B-4FB4-9CF2-4AF6CDCA86FD} = {F5D04603-116A-4DF0-96C3-0D80EBA52161}
		{35F33B8A-8FD5-430E-B55A-7B6260B271C0} = {508E81BA-5E06-403C-A5A9-30A2FD30ED93}
		{9029E6D4-912D-4236-AB90-FBAED7CC7F18} = {18F8365C-B4CE-4C5C-A7A7-9E513C70B153}
		{2570CFFF-1E06-47E7-8E57-A6799B7193A0} = {9029E6D4-912D-4236-AB90-FBAED7CC7F18}
		{E018F752-2BAC-4364-9CCE-E714A9183512} = {18F8365C-B4CE-4C5C-A7A7-9E513C70B153}
		{F88D2926-840D-4DC5-AD46-4D3B8D3F8233} = {FADA6779-C24D-42F2-8E27-7DEAD59DF516}
		{64EE92ED-8255-4F3C-9DBA-DDEE3FEDDE4B} = {F88D2926-840D-4DC5-AD46-4D3B8D3F8233}
		{CEC3806D-D98C-44D1-A8ED-502862C6E0FA} = {F88D2926-840D-4DC5-AD46-4D3B8D3F8233}
		{35C49172-924F-4F55-B54C-F7CC2A4361BB} = {F88D2926-840D-4DC5-AD46-4D3B8D3F8233}
		{B0B6FD7A-1ADC-4F95-B200-5D6FB67E258E} = {F88D2926-840D-4DC5-AD46-4D3B8D3F8233}
		{45829D8A-0DCA-473E-AEAD-910C6DEC0793} = {F88D2926-840D-4DC5-AD46-4D3B8D3F8233}
		{BE49192E-9D87-482B-A0E7-CB22988CFDF0} = {FADA6779-C24D-42F2-8E27-7DEAD59DF516}
		{50FC1B22-6F5E-4DEF-9917-5F2F2F45E8CD} = {BE49192E-9D87-482B-A0E7-CB22988CFDF0}
	EndGlobalSection
	GlobalSection(ExtensibilityGlobals) = postSolution
		SolutionGuid = {2C5F7110-0877-462F-BD8A-FBB4C228ED2D}
	EndGlobalSection
EndGlobal
